
Microsoft Visual Studio Solution File, Format Version 10.00
# Visual Studio 2008
Project("{E24C65DC-7377-472B-9ABA-BC803B73C61A}") = "b2bUI", ".", "{29F25303-5DB5-4975-A821-4F07009559C4}"
	ProjectSection(WebsiteProperties) = preProject
		TargetFramework = "3.5"
		Debug.AspNetCompiler.VirtualPath = "/b2bUI"
		Debug.AspNetCompiler.PhysicalPath = "..\..\WebSites\b2bUI\"
		Debug.AspNetCompiler.TargetPath = "PrecompiledWeb\b2bUI\"
		Debug.AspNetCompiler.Updateable = "true"
		Debug.AspNetCompiler.ForceOverwrite = "true"
		Debug.AspNetCompiler.FixedNames = "false"
		Debug.AspNetCompiler.Debug = "True"
		Release.AspNetCompiler.VirtualPath = "/b2bUI"
		Release.AspNetCompiler.PhysicalPath = "..\..\WebSites\b2bUI\"
		Release.AspNetCompiler.TargetPath = "PrecompiledWeb\b2bUI\"
		Release.AspNetCompiler.Updateable = "true"
		Release.AspNetCompiler.ForceOverwrite = "true"
		Release.AspNetCompiler.FixedNames = "false"
		Release.AspNetCompiler.Debug = "False"
		VWDPort = "53128"
		DefaultWebSiteLanguage = "Visual C#"
	EndProjectSection
EndProject
Global
	GlobalSection(SolutionConfigurationPlatforms) = preSolution
		Debug|.NET = Debug|.NET
	EndGlobalSection
	GlobalSection(ProjectConfigurationPlatforms) = postSolution
		{29F25303-5DB5-4975-A821-4F07009559C4}.Debug|.NET.ActiveCfg = Debug|.NET
		{29F25303-5DB5-4975-A821-4F07009559C4}.Debug|.NET.Build.0 = Debug|.NET
	EndGlobalSection
	GlobalSection(SolutionProperties) = preSolution
		HideSolutionNode = FALSE
	EndGlobalSection
EndGlobal
