
Microsoft Visual Studio Solution File, Format Version 10.00
# Visual Studio 2008
Project("{2150E333-8FDC-42A3-9474-1A3956D46DE8}") = "WorkLayers", "WorkLayers", "{520FB63D-FBA8-41B7-B398-9227D9079EA6}"
EndProject
Project("{FAE04EC0-301F-11D3-BF4B-00C04F79EFBC}") = "Website", "Website\Website.csproj", "{ECEAE26F-5499-4EF6-8E33-4DAABAFE9BFD}"
	ProjectSection(ProjectDependencies) = postProject
		{8D36AD67-9E9C-439C-AF46-705ADD2077FD} = {8D36AD67-9E9C-439C-AF46-705ADD2077FD}
		{3F2BF8EB-6C42-4FD0-9475-B997EEFBAD87} = {3F2BF8EB-6C42-4FD0-9475-B997EEFBAD87}
		{57F19BED-718E-449E-81E8-6820EFF781A1} = {57F19BED-718E-449E-81E8-6820EFF781A1}
	EndProjectSection
EndProject
Project("{FAE04EC0-301F-11D3-BF4B-00C04F79EFBC}") = "BusinessLayer", "BusinessLayer\BusinessLayer.csproj", "{8D36AD67-9E9C-439C-AF46-705ADD2077FD}"
	ProjectSection(ProjectDependencies) = postProject
		{3F2BF8EB-6C42-4FD0-9475-B997EEFBAD87} = {3F2BF8EB-6C42-4FD0-9475-B997EEFBAD87}
		{57F19BED-718E-449E-81E8-6820EFF781A1} = {57F19BED-718E-449E-81E8-6820EFF781A1}
	EndProjectSection
EndProject
Project("{FAE04EC0-301F-11D3-BF4B-00C04F79EFBC}") = "DataAccessLayer", "DataAccessLayer\DataAccessLayer.csproj", "{3F2BF8EB-6C42-4FD0-9475-B997EEFBAD87}"
	ProjectSection(ProjectDependencies) = postProject
		{57F19BED-718E-449E-81E8-6820EFF781A1} = {57F19BED-718E-449E-81E8-6820EFF781A1}
	EndProjectSection
EndProject
Project("{FAE04EC0-301F-11D3-BF4B-00C04F79EFBC}") = "DataInfoLayer", "DataInfoLayer\DataInfoLayer.csproj", "{57F19BED-718E-449E-81E8-6820EFF781A1}"
EndProject
Global
	GlobalSection(SolutionConfigurationPlatforms) = preSolution
		Debug|Any CPU = Debug|Any CPU
		Release|Any CPU = Release|Any CPU
	EndGlobalSection
	GlobalSection(ProjectConfigurationPlatforms) = postSolution
		{ECEAE26F-5499-4EF6-8E33-4DAABAFE9BFD}.Debug|Any CPU.ActiveCfg = Debug|Any CPU
		{ECEAE26F-5499-4EF6-8E33-4DAABAFE9BFD}.Debug|Any CPU.Build.0 = Debug|Any CPU
		{ECEAE26F-5499-4EF6-8E33-4DAABAFE9BFD}.Release|Any CPU.ActiveCfg = Release|Any CPU
		{ECEAE26F-5499-4EF6-8E33-4DAABAFE9BFD}.Release|Any CPU.Build.0 = Release|Any CPU
		{8D36AD67-9E9C-439C-AF46-705ADD2077FD}.Debug|Any CPU.ActiveCfg = Debug|Any CPU
		{8D36AD67-9E9C-439C-AF46-705ADD2077FD}.Debug|Any CPU.Build.0 = Debug|Any CPU
		{8D36AD67-9E9C-439C-AF46-705ADD2077FD}.Release|Any CPU.ActiveCfg = Release|Any CPU
		{8D36AD67-9E9C-439C-AF46-705ADD2077FD}.Release|Any CPU.Build.0 = Release|Any CPU
		{3F2BF8EB-6C42-4FD0-9475-B997EEFBAD87}.Debug|Any CPU.ActiveCfg = Debug|Any CPU
		{3F2BF8EB-6C42-4FD0-9475-B997EEFBAD87}.Debug|Any CPU.Build.0 = Debug|Any CPU
		{3F2BF8EB-6C42-4FD0-9475-B997EEFBAD87}.Release|Any CPU.ActiveCfg = Release|Any CPU
		{3F2BF8EB-6C42-4FD0-9475-B997EEFBAD87}.Release|Any CPU.Build.0 = Release|Any CPU
		{57F19BED-718E-449E-81E8-6820EFF781A1}.Debug|Any CPU.ActiveCfg = Debug|Any CPU
		{57F19BED-718E-449E-81E8-6820EFF781A1}.Debug|Any CPU.Build.0 = Debug|Any CPU
		{57F19BED-718E-449E-81E8-6820EFF781A1}.Release|Any CPU.ActiveCfg = Release|Any CPU
		{57F19BED-718E-449E-81E8-6820EFF781A1}.Release|Any CPU.Build.0 = Release|Any CPU
	EndGlobalSection
	GlobalSection(SolutionProperties) = preSolution
		HideSolutionNode = FALSE
	EndGlobalSection
	GlobalSection(NestedProjects) = preSolution
		{8D36AD67-9E9C-439C-AF46-705ADD2077FD} = {520FB63D-FBA8-41B7-B398-9227D9079EA6}
		{3F2BF8EB-6C42-4FD0-9475-B997EEFBAD87} = {520FB63D-FBA8-41B7-B398-9227D9079EA6}
		{57F19BED-718E-449E-81E8-6820EFF781A1} = {520FB63D-FBA8-41B7-B398-9227D9079EA6}
	EndGlobalSection
EndGlobal
