
Microsoft Visual Studio Solution File, Format Version 10.00
# Visual Studio 2008
Project("{2150E333-8FDC-42A3-9474-1A3956D46DE8}") = "WorkLayers", "WorkLayers", "{A04EF4AC-C8C7-494A-9E5A-63B08184B7ED}"
EndProject
Project("{FAE04EC0-301F-11D3-BF4B-00C04F79EFBC}") = "BusinessLayer", "BusinessLayer\BusinessLayer.csproj", "{296493F9-B8B8-4827-8B17-97BED93DE243}"
	ProjectSection(ProjectDependencies) = postProject
		{E9C4F942-5751-4528-94DB-39A41BEB02D4} = {E9C4F942-5751-4528-94DB-39A41BEB02D4}
	EndProjectSection
EndProject
Project("{FAE04EC0-301F-11D3-BF4B-00C04F79EFBC}") = "DataLayer", "DataLayer\DataLayer.csproj", "{E9C4F942-5751-4528-94DB-39A41BEB02D4}"
EndProject
Project("{FAE04EC0-301F-11D3-BF4B-00C04F79EFBC}") = "CMPWeb", "CMPWeb\CMPWeb.csproj", "{D485D032-4779-4878-99B4-EB8F6882A859}"
	ProjectSection(ProjectDependencies) = postProject
		{E9C4F942-5751-4528-94DB-39A41BEB02D4} = {E9C4F942-5751-4528-94DB-39A41BEB02D4}
		{296493F9-B8B8-4827-8B17-97BED93DE243} = {296493F9-B8B8-4827-8B17-97BED93DE243}
	EndProjectSection
EndProject
Global
	GlobalSection(SolutionConfigurationPlatforms) = preSolution
		Debug|Any CPU = Debug|Any CPU
		Release|Any CPU = Release|Any CPU
	EndGlobalSection
	GlobalSection(ProjectConfigurationPlatforms) = postSolution
		{296493F9-B8B8-4827-8B17-97BED93DE243}.Debug|Any CPU.ActiveCfg = Debug|Any CPU
		{296493F9-B8B8-4827-8B17-97BED93DE243}.Debug|Any CPU.Build.0 = Debug|Any CPU
		{296493F9-B8B8-4827-8B17-97BED93DE243}.Release|Any CPU.ActiveCfg = Release|Any CPU
		{296493F9-B8B8-4827-8B17-97BED93DE243}.Release|Any CPU.Build.0 = Release|Any CPU
		{E9C4F942-5751-4528-94DB-39A41BEB02D4}.Debug|Any CPU.ActiveCfg = Debug|Any CPU
		{E9C4F942-5751-4528-94DB-39A41BEB02D4}.Debug|Any CPU.Build.0 = Debug|Any CPU
		{E9C4F942-5751-4528-94DB-39A41BEB02D4}.Release|Any CPU.ActiveCfg = Release|Any CPU
		{E9C4F942-5751-4528-94DB-39A41BEB02D4}.Release|Any CPU.Build.0 = Release|Any CPU
		{D485D032-4779-4878-99B4-EB8F6882A859}.Debug|Any CPU.ActiveCfg = Debug|Any CPU
		{D485D032-4779-4878-99B4-EB8F6882A859}.Debug|Any CPU.Build.0 = Debug|Any CPU
		{D485D032-4779-4878-99B4-EB8F6882A859}.Release|Any CPU.ActiveCfg = Release|Any CPU
		{D485D032-4779-4878-99B4-EB8F6882A859}.Release|Any CPU.Build.0 = Release|Any CPU
	EndGlobalSection
	GlobalSection(SolutionProperties) = preSolution
		HideSolutionNode = FALSE
	EndGlobalSection
	GlobalSection(NestedProjects) = preSolution
		{296493F9-B8B8-4827-8B17-97BED93DE243} = {A04EF4AC-C8C7-494A-9E5A-63B08184B7ED}
		{E9C4F942-5751-4528-94DB-39A41BEB02D4} = {A04EF4AC-C8C7-494A-9E5A-63B08184B7ED}
	EndGlobalSection
EndGlobal
